// !$*UTF8*$!
{
	archiveVersion = 1;
	classes = {
	};
	objectVersion = 54;
	objects = {

/* Begin PBXBuildFile section */
		2ACB533C285596750064D8A4 /* FinalProjectIOSApp.swift in Sources */ = {isa = PBXBuildFile; fileRef = 2ACB533B285596750064D8A4 /* FinalProjectIOSApp.swift */; };
		2ACB533E285596750064D8A4 /* ContentView.swift in Sources */ = {isa = PBXBuildFile; fileRef = 2ACB533D285596750064D8A4 /* ContentView.swift */; };
		2ACB5340285596770064D8A4 /* Assets.xcassets in Resources */ = {isa = PBXBuildFile; fileRef = 2ACB533F285596770064D8A4 /* Assets.xcassets */; };
		2ACB5343285596770064D8A4 /* Preview Assets.xcassets in Resources */ = {isa = PBXBuildFile; fileRef = 2ACB5342285596770064D8A4 /* Preview Assets.xcassets */; };
		2ACB534A285596C30064D8A4 /* PaginaMenu.swift in Sources */ = {isa = PBXBuildFile; fileRef = 2ACB5349285596C30064D8A4 /* PaginaMenu.swift */; };
		2ACB534C285598AA0064D8A4 /* CrearNuevoUsuario.swift in Sources */ = {isa = PBXBuildFile; fileRef = 2ACB534B285598AA0064D8A4 /* CrearNuevoUsuario.swift */; };
		2ACB535028559CAF0064D8A4 /* TipsYRecetas.swift in Sources */ = {isa = PBXBuildFile; fileRef = 2ACB534F28559CAF0064D8A4 /* TipsYRecetas.swift */; };
		2ACB535228559CC70064D8A4 /* ListaDeSuper.swift in Sources */ = {isa = PBXBuildFile; fileRef = 2ACB535128559CC70064D8A4 /* ListaDeSuper.swift */; };
		2ACB535428559CE10064D8A4 /* EnlaceAhumadores.swift in Sources */ = {isa = PBXBuildFile; fileRef = 2ACB535328559CE10064D8A4 /* EnlaceAhumadores.swift */; };
		2ACB535628559CF20064D8A4 /* Temperatura.swift in Sources */ = {isa = PBXBuildFile; fileRef = 2ACB535528559CF20064D8A4 /* Temperatura.swift */; };
		9BE3BD522857C08100848173 /* GoogleService-Info.plist in Resources */ = {isa = PBXBuildFile; fileRef = 9BE3BD512857C08100848173 /* GoogleService-Info.plist */; };
		9BE3BD552857C19900848173 /* FirebaseAnalytics in Frameworks */ = {isa = PBXBuildFile; productRef = 9BE3BD542857C19900848173 /* FirebaseAnalytics */; };
		9BE3BD572857C19900848173 /* FirebaseFirestore in Frameworks */ = {isa = PBXBuildFile; productRef = 9BE3BD562857C19900848173 /* FirebaseFirestore */; };
		9BE3BD592857C3A600848173 /* Recipes.swift in Sources */ = {isa = PBXBuildFile; fileRef = 9BE3BD582857C3A600848173 /* Recipes.swift */; };
		9BE3BD5D2857C63800848173 /* Userdata.json in Resources */ = {isa = PBXBuildFile; fileRef = 9BE3BD5C2857C63800848173 /* Userdata.json */; };
		9BE3BD5F2857CEAE00848173 /* burger.jpeg in Resources */ = {isa = PBXBuildFile; fileRef = 9BE3BD5E2857CEAE00848173 /* burger.jpeg */; };
		9BE3BD6B2859166300848173 /* ListaSuperRow.swift in Sources */ = {isa = PBXBuildFile; fileRef = 9BE3BD6A2859166300848173 /* ListaSuperRow.swift */; };
		9BE3BD6D285919B700848173 /* ListaSuperAddView.swift in Sources */ = {isa = PBXBuildFile; fileRef = 9BE3BD6C285919B700848173 /* ListaSuperAddView.swift */; };
		9BE3BD6F28591BB600848173 /* ListaSuperItem.swift in Sources */ = {isa = PBXBuildFile; fileRef = 9BE3BD6E28591BB600848173 /* ListaSuperItem.swift */; };
		9BE3BD71285920D100848173 /* ViewModelListaSuper.swift in Sources */ = {isa = PBXBuildFile; fileRef = 9BE3BD70285920D100848173 /* ViewModelListaSuper.swift */; };
/* End PBXBuildFile section */

/* Begin PBXFileReference section */
		2ACB5338285596750064D8A4 /* FinalProjectIOS.app */ = {isa = PBXFileReference; explicitFileType = wrapper.application; includeInIndex = 0; path = FinalProjectIOS.app; sourceTree = BUILT_PRODUCTS_DIR; };
		2ACB533B285596750064D8A4 /* FinalProjectIOSApp.swift */ = {isa = PBXFileReference; lastKnownFileType = sourcecode.swift; path = FinalProjectIOSApp.swift; sourceTree = "<group>"; };
		2ACB533D285596750064D8A4 /* ContentView.swift */ = {isa = PBXFileReference; lastKnownFileType = sourcecode.swift; path = ContentView.swift; sourceTree = "<group>"; };
		2ACB533F285596770064D8A4 /* Assets.xcassets */ = {isa = PBXFileReference; lastKnownFileType = folder.assetcatalog; path = Assets.xcassets; sourceTree = "<group>"; };
		2ACB5342285596770064D8A4 /* Preview Assets.xcassets */ = {isa = PBXFileReference; lastKnownFileType = folder.assetcatalog; path = "Preview Assets.xcassets"; sourceTree = "<group>"; };
		2ACB5349285596C30064D8A4 /* PaginaMenu.swift */ = {isa = PBXFileReference; lastKnownFileType = sourcecode.swift; path = PaginaMenu.swift; sourceTree = "<group>"; };
		2ACB534B285598AA0064D8A4 /* CrearNuevoUsuario.swift */ = {isa = PBXFileReference; lastKnownFileType = sourcecode.swift; path = CrearNuevoUsuario.swift; sourceTree = "<group>"; };
		2ACB534F28559CAF0064D8A4 /* TipsYRecetas.swift */ = {isa = PBXFileReference; lastKnownFileType = sourcecode.swift; path = TipsYRecetas.swift; sourceTree = "<group>"; };
		2ACB535128559CC70064D8A4 /* ListaDeSuper.swift */ = {isa = PBXFileReference; lastKnownFileType = sourcecode.swift; path = ListaDeSuper.swift; sourceTree = "<group>"; };
		2ACB535328559CE10064D8A4 /* EnlaceAhumadores.swift */ = {isa = PBXFileReference; lastKnownFileType = sourcecode.swift; path = EnlaceAhumadores.swift; sourceTree = "<group>"; };
		2ACB535528559CF20064D8A4 /* Temperatura.swift */ = {isa = PBXFileReference; lastKnownFileType = sourcecode.swift; path = Temperatura.swift; sourceTree = "<group>"; };
		9BE3BD512857C08100848173 /* GoogleService-Info.plist */ = {isa = PBXFileReference; fileEncoding = 4; lastKnownFileType = text.plist.xml; path = "GoogleService-Info.plist"; sourceTree = "<group>"; };
		9BE3BD582857C3A600848173 /* Recipes.swift */ = {isa = PBXFileReference; lastKnownFileType = sourcecode.swift; path = Recipes.swift; sourceTree = "<group>"; };
		9BE3BD5C2857C63800848173 /* Userdata.json */ = {isa = PBXFileReference; fileEncoding = 4; lastKnownFileType = text.json; path = Userdata.json; sourceTree = "<group>"; };
		9BE3BD5E2857CEAE00848173 /* burger.jpeg */ = {isa = PBXFileReference; lastKnownFileType = image.jpeg; path = burger.jpeg; sourceTree = "<group>"; };
		9BE3BD6A2859166300848173 /* ListaSuperRow.swift */ = {isa = PBXFileReference; lastKnownFileType = sourcecode.swift; path = ListaSuperRow.swift; sourceTree = "<group>"; };
		9BE3BD6C285919B700848173 /* ListaSuperAddView.swift */ = {isa = PBXFileReference; lastKnownFileType = sourcecode.swift; path = ListaSuperAddView.swift; sourceTree = "<group>"; };
		9BE3BD6E28591BB600848173 /* ListaSuperItem.swift */ = {isa = PBXFileReference; lastKnownFileType = sourcecode.swift; path = ListaSuperItem.swift; sourceTree = "<group>"; };
		9BE3BD70285920D100848173 /* ViewModelListaSuper.swift */ = {isa = PBXFileReference; lastKnownFileType = sourcecode.swift; path = ViewModelListaSuper.swift; sourceTree = "<group>"; };
/* End PBXFileReference section */

/* Begin PBXFrameworksBuildPhase section */
		2ACB5335285596750064D8A4 /* Frameworks */ = {
			isa = PBXFrameworksBuildPhase;
			buildActionMask = 2147483647;
			files = (
				9BE3BD552857C19900848173 /* FirebaseAnalytics in Frameworks */,
				9BE3BD572857C19900848173 /* FirebaseFirestore in Frameworks */,
			);
			runOnlyForDeploymentPostprocessing = 0;
		};
/* End PBXFrameworksBuildPhase section */

/* Begin PBXGroup section */
		2ACB532F285596750064D8A4 = {
			isa = PBXGroup;
			children = (
				2ACB533A285596750064D8A4 /* FinalProjectIOS */,
				2ACB5339285596750064D8A4 /* Products */,
			);
			sourceTree = "<group>";
		};
		2ACB5339285596750064D8A4 /* Products */ = {
			isa = PBXGroup;
			children = (
				2ACB5338285596750064D8A4 /* FinalProjectIOS.app */,
			);
			name = Products;
			sourceTree = "<group>";
		};
		2ACB533A285596750064D8A4 /* FinalProjectIOS */ = {
			isa = PBXGroup;
			children = (
				9BE3BD5E2857CEAE00848173 /* burger.jpeg */,
				2ACB533B285596750064D8A4 /* FinalProjectIOSApp.swift */,
				2ACB533D285596750064D8A4 /* ContentView.swift */,
				9BE3BD512857C08100848173 /* GoogleService-Info.plist */,
				2ACB5349285596C30064D8A4 /* PaginaMenu.swift */,
				2ACB534B285598AA0064D8A4 /* CrearNuevoUsuario.swift */,
				9BE3BD5C2857C63800848173 /* Userdata.json */,
				2ACB534F28559CAF0064D8A4 /* TipsYRecetas.swift */,
				2ACB535128559CC70064D8A4 /* ListaDeSuper.swift */,
				9BE3BD70285920D100848173 /* ViewModelListaSuper.swift */,
				9BE3BD6E28591BB600848173 /* ListaSuperItem.swift */,
				9BE3BD6A2859166300848173 /* ListaSuperRow.swift */,
				9BE3BD6C285919B700848173 /* ListaSuperAddView.swift */,
				2ACB535328559CE10064D8A4 /* EnlaceAhumadores.swift */,
				2ACB535528559CF20064D8A4 /* Temperatura.swift */,
				9BE3BD582857C3A600848173 /* Recipes.swift */,
				2ACB533F285596770064D8A4 /* Assets.xcassets */,
				2ACB5341285596770064D8A4 /* Preview Content */,
			);
			path = FinalProjectIOS;
			sourceTree = "<group>";
		};
		2ACB5341285596770064D8A4 /* Preview Content */ = {
			isa = PBXGroup;
			children = (
				2ACB5342285596770064D8A4 /* Preview Assets.xcassets */,
			);
			path = "Preview Content";
			sourceTree = "<group>";
		};
/* End PBXGroup section */

/* Begin PBXNativeTarget section */
		2ACB5337285596750064D8A4 /* FinalProjectIOS */ = {
			isa = PBXNativeTarget;
			buildConfigurationList = 2ACB5346285596770064D8A4 /* Build configuration list for PBXNativeTarget "FinalProjectIOS" */;
			buildPhases = (
				2ACB5334285596750064D8A4 /* Sources */,
				2ACB5335285596750064D8A4 /* Frameworks */,
				2ACB5336285596750064D8A4 /* Resources */,
			);
			buildRules = (
			);
			dependencies = (
			);
			name = FinalProjectIOS;
			packageProductDependencies = (
				9BE3BD542857C19900848173 /* FirebaseAnalytics */,
				9BE3BD562857C19900848173 /* FirebaseFirestore */,
			);
			productName = FinalProjectIOS;
			productReference = 2ACB5338285596750064D8A4 /* FinalProjectIOS.app */;
			productType = "com.apple.product-type.application";
		};
/* End PBXNativeTarget section */

/* Begin PBXProject section */
		2ACB5330285596750064D8A4 /* Project object */ = {
			isa = PBXProject;
			attributes = {
				BuildIndependentTargetsInParallel = 1;
				LastSwiftUpdateCheck = 1320;
				LastUpgradeCheck = 1320;
				TargetAttributes = {
					2ACB5337285596750064D8A4 = {
						CreatedOnToolsVersion = 13.2.1;
					};
				};
			};
			buildConfigurationList = 2ACB5333285596750064D8A4 /* Build configuration list for PBXProject "FinalProjectIOS" */;
			compatibilityVersion = "Xcode 12.0";
			developmentRegion = en;
			hasScannedForEncodings = 0;
			knownRegions = (
				en,
				Base,
			);
			mainGroup = 2ACB532F285596750064D8A4;
			packageReferences = (
				9BE3BD532857C19900848173 /* XCRemoteSwiftPackageReference "firebase-ios-sdk" */,
			);
			productRefGroup = 2ACB5339285596750064D8A4 /* Products */;
			projectDirPath = "";
			projectRoot = "";
			targets = (
				2ACB5337285596750064D8A4 /* FinalProjectIOS */,
			);
		};
/* End PBXProject section */

/* Begin PBXResourcesBuildPhase section */
		2ACB5336285596750064D8A4 /* Resources */ = {
			isa = PBXResourcesBuildPhase;
			buildActionMask = 2147483647;
			files = (
				2ACB5343285596770064D8A4 /* Preview Assets.xcassets in Resources */,
				2ACB5340285596770064D8A4 /* Assets.xcassets in Resources */,
				9BE3BD5D2857C63800848173 /* Userdata.json in Resources */,
				9BE3BD5F2857CEAE00848173 /* burger.jpeg in Resources */,
				9BE3BD522857C08100848173 /* GoogleService-Info.plist in Resources */,
			);
			runOnlyForDeploymentPostprocessing = 0;
		};
/* End PBXResourcesBuildPhase section */

/* Begin PBXSourcesBuildPhase section */
		2ACB5334285596750064D8A4 /* Sources */ = {
			isa = PBXSourcesBuildPhase;
			buildActionMask = 2147483647;
			files = (
				2ACB534C285598AA0064D8A4 /* CrearNuevoUsuario.swift in Sources */,
				2ACB533E285596750064D8A4 /* ContentView.swift in Sources */,
				9BE3BD71285920D100848173 /* ViewModelListaSuper.swift in Sources */,
				2ACB533C285596750064D8A4 /* FinalProjectIOSApp.swift in Sources */,
				2ACB535428559CE10064D8A4 /* EnlaceAhumadores.swift in Sources */,
				2ACB535028559CAF0064D8A4 /* TipsYRecetas.swift in Sources */,
				2ACB535228559CC70064D8A4 /* ListaDeSuper.swift in Sources */,
				9BE3BD6F28591BB600848173 /* ListaSuperItem.swift in Sources */,
				2ACB535628559CF20064D8A4 /* Temperatura.swift in Sources */,
				9BE3BD6D285919B700848173 /* ListaSuperAddView.swift in Sources */,
				9BE3BD592857C3A600848173 /* Recipes.swift in Sources */,
				2ACB534A285596C30064D8A4 /* PaginaMenu.swift in Sources */,
				9BE3BD6B2859166300848173 /* ListaSuperRow.swift in Sources */,
			);
			runOnlyForDeploymentPostprocessing = 0;
		};
/* End PBXSourcesBuildPhase section */

/* Begin XCBuildConfiguration section */
		2ACB5344285596770064D8A4 /* Debug */ = {
			isa = XCBuildConfiguration;
			buildSettings = {
				ALWAYS_SEARCH_USER_PATHS = NO;
				CLANG_ANALYZER_NONNULL = YES;
				CLANG_ANALYZER_NUMBER_OBJECT_CONVERSION = YES_AGGRESSIVE;
				CLANG_CXX_LANGUAGE_STANDARD = "gnu++17";
				CLANG_CXX_LIBRARY = "libc++";
				CLANG_ENABLE_MODULES = YES;
				CLANG_ENABLE_OBJC_ARC = YES;
				CLANG_ENABLE_OBJC_WEAK = YES;
				CLANG_WARN_BLOCK_CAPTURE_AUTORELEASING = YES;
				CLANG_WARN_BOOL_CONVERSION = YES;
				CLANG_WARN_COMMA = YES;
				CLANG_WARN_CONSTANT_CONVERSION = YES;
				CLANG_WARN_DEPRECATED_OBJC_IMPLEMENTATIONS = YES;
				CLANG_WARN_DIRECT_OBJC_ISA_USAGE = YES_ERROR;
				CLANG_WARN_DOCUMENTATION_COMMENTS = YES;
				CLANG_WARN_EMPTY_BODY = YES;
				CLANG_WARN_ENUM_CONVERSION = YES;
				CLANG_WARN_INFINITE_RECURSION = YES;
				CLANG_WARN_INT_CONVERSION = YES;
				CLANG_WARN_NON_LITERAL_NULL_CONVERSION = YES;
				CLANG_WARN_OBJC_IMPLICIT_RETAIN_SELF = YES;
				CLANG_WARN_OBJC_LITERAL_CONVERSION = YES;
				CLANG_WARN_OBJC_ROOT_CLASS = YES_ERROR;
				CLANG_WARN_QUOTED_INCLUDE_IN_FRAMEWORK_HEADER = YES;
				CLANG_WARN_RANGE_LOOP_ANALYSIS = YES;
				CLANG_WARN_STRICT_PROTOTYPES = YES;
				CLANG_WARN_SUSPICIOUS_MOVE = YES;
				CLANG_WARN_UNGUARDED_AVAILABILITY = YES_AGGRESSIVE;
				CLANG_WARN_UNREACHABLE_CODE = YES;
				CLANG_WARN__DUPLICATE_METHOD_MATCH = YES;
				COPY_PHASE_STRIP = NO;
				DEBUG_INFORMATION_FORMAT = dwarf;
				ENABLE_STRICT_OBJC_MSGSEND = YES;
				ENABLE_TESTABILITY = YES;
				GCC_C_LANGUAGE_STANDARD = gnu11;
				GCC_DYNAMIC_NO_PIC = NO;
				GCC_NO_COMMON_BLOCKS = YES;
				GCC_OPTIMIZATION_LEVEL = 0;
				GCC_PREPROCESSOR_DEFINITIONS = (
					"DEBUG=1",
					"$(inherited)",
				);
				GCC_WARN_64_TO_32_BIT_CONVERSION = YES;
				GCC_WARN_ABOUT_RETURN_TYPE = YES_ERROR;
				GCC_WARN_UNDECLARED_SELECTOR = YES;
				GCC_WARN_UNINITIALIZED_AUTOS = YES_AGGRESSIVE;
				GCC_WARN_UNUSED_FUNCTION = YES;
				GCC_WARN_UNUSED_VARIABLE = YES;
				IPHONEOS_DEPLOYMENT_TARGET = 15.0;
				MTL_ENABLE_DEBUG_INFO = INCLUDE_SOURCE;
				MTL_FAST_MATH = YES;
				ONLY_ACTIVE_ARCH = YES;
				SDKROOT = iphoneos;
				SWIFT_ACTIVE_COMPILATION_CONDITIONS = DEBUG;
				SWIFT_OPTIMIZATION_LEVEL = "-Onone";
			};
			name = Debug;
		};
		2ACB5345285596770064D8A4 /* Release */ = {
			isa = XCBuildConfiguration;
			buildSettings = {
				ALWAYS_SEARCH_USER_PATHS = NO;
				CLANG_ANALYZER_NONNULL = YES;
				CLANG_ANALYZER_NUMBER_OBJECT_CONVERSION = YES_AGGRESSIVE;
				CLANG_CXX_LANGUAGE_STANDARD = "gnu++17";
				CLANG_CXX_LIBRARY = "libc++";
				CLANG_ENABLE_MODULES = YES;
				CLANG_ENABLE_OBJC_ARC = YES;
				CLANG_ENABLE_OBJC_WEAK = YES;
				CLANG_WARN_BLOCK_CAPTURE_AUTORELEASING = YES;
				CLANG_WARN_BOOL_CONVERSION = YES;
				CLANG_WARN_COMMA = YES;
				CLANG_WARN_CONSTANT_CONVERSION = YES;
				CLANG_WARN_DEPRECATED_OBJC_IMPLEMENTATIONS = YES;
				CLANG_WARN_DIRECT_OBJC_ISA_USAGE = YES_ERROR;
				CLANG_WARN_DOCUMENTATION_COMMENTS = YES;
				CLANG_WARN_EMPTY_BODY = YES;
				CLANG_WARN_ENUM_CONVERSION = YES;
				CLANG_WARN_INFINITE_RECURSION = YES;
				CLANG_WARN_INT_CONVERSION = YES;
				CLANG_WARN_NON_LITERAL_NULL_CONVERSION = YES;
				CLANG_WARN_OBJC_IMPLICIT_RETAIN_SELF = YES;
				CLANG_WARN_OBJC_LITERAL_CONVERSION = YES;
				CLANG_WARN_OBJC_ROOT_CLASS = YES_ERROR;
				CLANG_WARN_QUOTED_INCLUDE_IN_FRAMEWORK_HEADER = YES;
				CLANG_WARN_RANGE_LOOP_ANALYSIS = YES;
				CLANG_WARN_STRICT_PROTOTYPES = YES;
				CLANG_WARN_SUSPICIOUS_MOVE = YES;
				CLANG_WARN_UNGUARDED_AVAILABILITY = YES_AGGRESSIVE;
				CLANG_WARN_UNREACHABLE_CODE = YES;
				CLANG_WARN__DUPLICATE_METHOD_MATCH = YES;
				COPY_PHASE_STRIP = NO;
				DEBUG_INFORMATION_FORMAT = "dwarf-with-dsym";
				ENABLE_NS_ASSERTIONS = NO;
				ENABLE_STRICT_OBJC_MSGSEND = YES;
				GCC_C_LANGUAGE_STANDARD = gnu11;
				GCC_NO_COMMON_BLOCKS = YES;
				GCC_WARN_64_TO_32_BIT_CONVERSION = YES;
				GCC_WARN_ABOUT_RETURN_TYPE = YES_ERROR;
				GCC_WARN_UNDECLARED_SELECTOR = YES;
				GCC_WARN_UNINITIALIZED_AUTOS = YES_AGGRESSIVE;
				GCC_WARN_UNUSED_FUNCTION = YES;
				GCC_WARN_UNUSED_VARIABLE = YES;
				IPHONEOS_DEPLOYMENT_TARGET = 15.0;
				MTL_ENABLE_DEBUG_INFO = NO;
				MTL_FAST_MATH = YES;
				SDKROOT = iphoneos;
				SWIFT_COMPILATION_MODE = wholemodule;
				SWIFT_OPTIMIZATION_LEVEL = "-O";
				VALIDATE_PRODUCT = YES;
			};
			name = Release;
		};
		2ACB5347285596770064D8A4 /* Debug */ = {
			isa = XCBuildConfiguration;
			buildSettings = {
				ASSETCATALOG_COMPILER_APPICON_NAME = AppIcon;
				ASSETCATALOG_COMPILER_GLOBAL_ACCENT_COLOR_NAME = AccentColor;
				CODE_SIGN_STYLE = Automatic;
				CURRENT_PROJECT_VERSION = 1;
				DEVELOPMENT_ASSET_PATHS = "\"FinalProjectIOS/Preview Content\"";
				ENABLE_PREVIEWS = YES;
				GENERATE_INFOPLIST_FILE = YES;
				INFOPLIST_KEY_UIApplicationSceneManifest_Generation = YES;
				INFOPLIST_KEY_UIApplicationSupportsIndirectInputEvents = YES;
				INFOPLIST_KEY_UILaunchScreen_Generation = YES;
				INFOPLIST_KEY_UISupportedInterfaceOrientations_iPad = "UIInterfaceOrientationPortrait UIInterfaceOrientationPortraitUpsideDown UIInterfaceOrientationLandscapeLeft UIInterfaceOrientationLandscapeRight";
				INFOPLIST_KEY_UISupportedInterfaceOrientations_iPhone = "UIInterfaceOrientationPortrait UIInterfaceOrientationLandscapeLeft UIInterfaceOrientationLandscapeRight";
				LD_RUNPATH_SEARCH_PATHS = (
					"$(inherited)",
					"@executable_path/Frameworks",
				);
				MARKETING_VERSION = 1.0;
				PRODUCT_BUNDLE_IDENTIFIER = c.FinalProjectIOS;
				PRODUCT_NAME = "$(TARGET_NAME)";
				SWIFT_EMIT_LOC_STRINGS = YES;
				SWIFT_VERSION = 5.0;
				TARGETED_DEVICE_FAMILY = "1,2";
			};
			name = Debug;
		};
		2ACB5348285596770064D8A4 /* Release */ = {
			isa = XCBuildConfiguration;
			buildSettings = {
				ASSETCATALOG_COMPILER_APPICON_NAME = AppIcon;
				ASSETCATALOG_COMPILER_GLOBAL_ACCENT_COLOR_NAME = AccentColor;
				CODE_SIGN_STYLE = Automatic;
				CURRENT_PROJECT_VERSION = 1;
				DEVELOPMENT_ASSET_PATHS = "\"FinalProjectIOS/Preview Content\"";
				ENABLE_PREVIEWS = YES;
				GENERATE_INFOPLIST_FILE = YES;
				INFOPLIST_KEY_UIApplicationSceneManifest_Generation = YES;
				INFOPLIST_KEY_UIApplicationSupportsIndirectInputEvents = YES;
				INFOPLIST_KEY_UILaunchScreen_Generation = YES;
				INFOPLIST_KEY_UISupportedInterfaceOrientations_iPad = "UIInterfaceOrientationPortrait UIInterfaceOrientationPortraitUpsideDown UIInterfaceOrientationLandscapeLeft UIInterfaceOrientationLandscapeRight";
				INFOPLIST_KEY_UISupportedInterfaceOrientations_iPhone = "UIInterfaceOrientationPortrait UIInterfaceOrientationLandscapeLeft UIInterfaceOrientationLandscapeRight";
				LD_RUNPATH_SEARCH_PATHS = (
					"$(inherited)",
					"@executable_path/Frameworks",
				);
				MARKETING_VERSION = 1.0;
				PRODUCT_BUNDLE_IDENTIFIER = c.FinalProjectIOS;
				PRODUCT_NAME = "$(TARGET_NAME)";
				SWIFT_EMIT_LOC_STRINGS = YES;
				SWIFT_VERSION = 5.0;
				TARGETED_DEVICE_FAMILY = "1,2";
			};
			name = Release;
		};
/* End XCBuildConfiguration section */

/* Begin XCConfigurationList section */
		2ACB5333285596750064D8A4 /* Build configuration list for PBXProject "FinalProjectIOS" */ = {
			isa = XCConfigurationList;
			buildConfigurations = (
				2ACB5344285596770064D8A4 /* Debug */,
				2ACB5345285596770064D8A4 /* Release */,
			);
			defaultConfigurationIsVisible = 0;
			defaultConfigurationName = Release;
		};
		2ACB5346285596770064D8A4 /* Build configuration list for PBXNativeTarget "FinalProjectIOS" */ = {
			isa = XCConfigurationList;
			buildConfigurations = (
				2ACB5347285596770064D8A4 /* Debug */,
				2ACB5348285596770064D8A4 /* Release */,
			);
			defaultConfigurationIsVisible = 0;
			defaultConfigurationName = Release;
		};
/* End XCConfigurationList section */

/* Begin XCRemoteSwiftPackageReference section */
		9BE3BD532857C19900848173 /* XCRemoteSwiftPackageReference "firebase-ios-sdk" */ = {
			isa = XCRemoteSwiftPackageReference;
			repositoryURL = "https://github.com/firebase/firebase-ios-sdk";
			requirement = {
				kind = upToNextMajorVersion;
				minimumVersion = 8.0.0;
			};
		};
/* End XCRemoteSwiftPackageReference section */

/* Begin XCSwiftPackageProductDependency section */
		9BE3BD542857C19900848173 /* FirebaseAnalytics */ = {
			isa = XCSwiftPackageProductDependency;
			package = 9BE3BD532857C19900848173 /* XCRemoteSwiftPackageReference "firebase-ios-sdk" */;
			productName = FirebaseAnalytics;
		};
		9BE3BD562857C19900848173 /* FirebaseFirestore */ = {
			isa = XCSwiftPackageProductDependency;
			package = 9BE3BD532857C19900848173 /* XCRemoteSwiftPackageReference "firebase-ios-sdk" */;
			productName = FirebaseFirestore;
		};
/* End XCSwiftPackageProductDependency section */
	};
	rootObject = 2ACB5330285596750064D8A4 /* Project object */;
}
